Microsoft Visual Studio Solution File, Format Version 12.00
# Visual Studio Version 17
VisualStudioVersion = 17.5.2.0
MinimumVisualStudioVersion = 10.0.40219.1
Project("{2150E333-8FDC-42A3-9474-1A3956D46DE8}") = "projects", "projects", "{17245595-230B-9055-A944-863F0DDDA8E8}"
EndProject
Project("{2150E333-8FDC-42A3-9474-1A3956D46DE8}") = "PROJECT_SHPMNT_PROFIT", "PROJECT_SHPMNT_PROFIT", "{CA07B404-391F-DE9C-E1C5-88A629DF8F53}"
EndProject
Project("{2150E333-8FDC-42A3-9474-1A3956D46DE8}") = "tools", "tools", "{B8D522DF-5933-7C5C-E973-DB0B9AD1F59B}"
EndProject
Project("{2150E333-8FDC-42A3-9474-1A3956D46DE8}") = "NET", "NET", "{D1735268-B521-7571-F28E-D9189756363B}"
EndProject
Project("{FAE04EC0-301F-11D3-BF4B-00C04F79EFBC}") = "DocxTools", "projects\PROJECT_SHPMNT_PROFIT\tools\NET\DocxTools.csproj", "{379B7F13-D138-54EF-34E7-DDF860FEF4BF}"
EndProject
Project("{FAE04EC0-301F-11D3-BF4B-00C04F79EFBC}") = "ApplyWarningFormat", "projects\PROJECT_SHPMNT_PROFIT\tools\NET\ApplyWarningFormat\ApplyWarningFormat.csproj", "{D5369B8B-9B1B-4B35-CD50-1B35886E0912}"
EndProject
Project("{FAE04EC0-301F-11D3-BF4B-00C04F79EFBC}") = "FixAll", "projects\PROJECT_SHPMNT_PROFIT\tools\NET\FixAll\FixAll.csproj", "{310B091E-4FDB-7CED-92A2-3EE306863BEE}"
EndProject
Project("{FAE04EC0-301F-11D3-BF4B-00C04F79EFBC}") = "ApplyYellowShading", "projects\PROJECT_SHPMNT_PROFIT\tools\NET\ApplyYellowShading\ApplyYellowShading.csproj", "{4CC56CB1-FF60-BD41-3DFD-C97FC6589985}"
EndProject
Project("{FAE04EC0-301F-11D3-BF4B-00C04F79EFBC}") = "ApplyAll", "projects\PROJECT_SHPMNT_PROFIT\tools\NET\ApplyAll\ApplyAll.csproj", "{E8AC18DE-B5B5-3B1E-8CEE-68B047398108}"
EndProject
Global
	GlobalSection(SolutionConfigurationPlatforms) = preSolution
		Debug|Any CPU = Debug|Any CPU
		Release|Any CPU = Release|Any CPU
	EndGlobalSection
	GlobalSection(ProjectConfigurationPlatforms) = postSolution
		{379B7F13-D138-54EF-34E7-DDF860FEF4BF}.Debug|Any CPU.ActiveCfg = Debug|Any CPU
		{379B7F13-D138-54EF-34E7-DDF860FEF4BF}.Debug|Any CPU.Build.0 = Debug|Any CPU
		{379B7F13-D138-54EF-34E7-DDF860FEF4BF}.Release|Any CPU.ActiveCfg = Release|Any CPU
		{379B7F13-D138-54EF-34E7-DDF860FEF4BF}.Release|Any CPU.Build.0 = Release|Any CPU
		{D5369B8B-9B1B-4B35-CD50-1B35886E0912}.Debug|Any CPU.ActiveCfg = Debug|Any CPU
		{D5369B8B-9B1B-4B35-CD50-1B35886E0912}.Debug|Any CPU.Build.0 = Debug|Any CPU
		{D5369B8B-9B1B-4B35-CD50-1B35886E0912}.Release|Any CPU.ActiveCfg = Release|Any CPU
		{D5369B8B-9B1B-4B35-CD50-1B35886E0912}.Release|Any CPU.Build.0 = Release|Any CPU
		{310B091E-4FDB-7CED-92A2-3EE306863BEE}.Debug|Any CPU.ActiveCfg = Debug|Any CPU
		{310B091E-4FDB-7CED-92A2-3EE306863BEE}.Debug|Any CPU.Build.0 = Debug|Any CPU
		{310B091E-4FDB-7CED-92A2-3EE306863BEE}.Release|Any CPU.ActiveCfg = Release|Any CPU
		{310B091E-4FDB-7CED-92A2-3EE306863BEE}.Release|Any CPU.Build.0 = Release|Any CPU
		{4CC56CB1-FF60-BD41-3DFD-C97FC6589985}.Debug|Any CPU.ActiveCfg = Debug|Any CPU
		{4CC56CB1-FF60-BD41-3DFD-C97FC6589985}.Debug|Any CPU.Build.0 = Debug|Any CPU
		{4CC56CB1-FF60-BD41-3DFD-C97FC6589985}.Release|Any CPU.ActiveCfg = Release|Any CPU
		{4CC56CB1-FF60-BD41-3DFD-C97FC6589985}.Release|Any CPU.Build.0 = Release|Any CPU
		{E8AC18DE-B5B5-3B1E-8CEE-68B047398108}.Debug|Any CPU.ActiveCfg = Debug|Any CPU
		{E8AC18DE-B5B5-3B1E-8CEE-68B047398108}.Debug|Any CPU.Build.0 = Debug|Any CPU
		{E8AC18DE-B5B5-3B1E-8CEE-68B047398108}.Release|Any CPU.ActiveCfg = Release|Any CPU
		{E8AC18DE-B5B5-3B1E-8CEE-68B047398108}.Release|Any CPU.Build.0 = Release|Any CPU
	EndGlobalSection
	GlobalSection(SolutionProperties) = preSolution
		HideSolutionNode = FALSE
	EndGlobalSection
	GlobalSection(NestedProjects) = preSolution
		{CA07B404-391F-DE9C-E1C5-88A629DF8F53} = {17245595-230B-9055-A944-863F0DDDA8E8}
		{B8D522DF-5933-7C5C-E973-DB0B9AD1F59B} = {CA07B404-391F-DE9C-E1C5-88A629DF8F53}
		{D1735268-B521-7571-F28E-D9189756363B} = {B8D522DF-5933-7C5C-E973-DB0B9AD1F59B}
		{379B7F13-D138-54EF-34E7-DDF860FEF4BF} = {D1735268-B521-7571-F28E-D9189756363B}
		{D5369B8B-9B1B-4B35-CD50-1B35886E0912} = {D1735268-B521-7571-F28E-D9189756363B}
		{310B091E-4FDB-7CED-92A2-3EE306863BEE} = {D1735268-B521-7571-F28E-D9189756363B}
		{4CC56CB1-FF60-BD41-3DFD-C97FC6589985} = {D1735268-B521-7571-F28E-D9189756363B}
		{E8AC18DE-B5B5-3B1E-8CEE-68B047398108} = {D1735268-B521-7571-F28E-D9189756363B}
	EndGlobalSection
	GlobalSection(ExtensibilityGlobals) = postSolution
		SolutionGuid = {28574F6F-3479-4E68-ADD7-D54A39F1D95A}
	EndGlobalSection
EndGlobal
